
Microsoft Visual Studio Solution File, Format Version 12.00
# Visual Studio Version 16
VisualStudioVersion = 16.0.29503.13
MinimumVisualStudioVersion = 10.0.40219.1
Project("{9A19103F-16F7-4668-BE54-9A1E7A4F7556}") = "NavyBattleController", "NavyBattleController.csproj", "{4A3FB208-3696-43F3-87E7-9357A4BA6342}"
EndProject
Project("{9A19103F-16F7-4668-BE54-9A1E7A4F7556}") = "NavyBattleModels", "..\NavyBattleModels\NavyBattleModels.csproj", "{CF5D91AF-D963-4C53-B28E-866F982CF318}"
EndProject
Global
	GlobalSection(SolutionConfigurationPlatforms) = preSolution
		Debug|Any CPU = Debug|Any CPU
		Release|Any CPU = Release|Any CPU
	EndGlobalSection
	GlobalSection(ProjectConfigurationPlatforms) = postSolution
		{4A3FB208-3696-43F3-87E7-9357A4BA6342}.Debug|Any CPU.ActiveCfg = Debug|Any CPU
		{4A3FB208-3696-43F3-87E7-9357A4BA6342}.Debug|Any CPU.Build.0 = Debug|Any CPU
		{4A3FB208-3696-43F3-87E7-9357A4BA6342}.Release|Any CPU.ActiveCfg = Release|Any CPU
		{4A3FB208-3696-43F3-87E7-9357A4BA6342}.Release|Any CPU.Build.0 = Release|Any CPU
		{CF5D91AF-D963-4C53-B28E-866F982CF318}.Debug|Any CPU.ActiveCfg = Debug|Any CPU
		{CF5D91AF-D963-4C53-B28E-866F982CF318}.Debug|Any CPU.Build.0 = Debug|Any CPU
		{CF5D91AF-D963-4C53-B28E-866F982CF318}.Release|Any CPU.ActiveCfg = Release|Any CPU
		{CF5D91AF-D963-4C53-B28E-866F982CF318}.Release|Any CPU.Build.0 = Release|Any CPU
	EndGlobalSection
	GlobalSection(SolutionProperties) = preSolution
		HideSolutionNode = FALSE
	EndGlobalSection
	GlobalSection(ExtensibilityGlobals) = postSolution
		SolutionGuid = {27C9EAB9-E6D2-494A-81AF-BB4B6057F6E8}
	EndGlobalSection
EndGlobal
